{
    "_readme": [
        "This file locks the dependencies of your project to a known state",
        "Read more about it at http://getcomposer.org/doc/01-basic-usage.md#composer-lock-the-lock-file"
    ],
    "hash": "d4937aecb14f368e4974c93fe735b28f",
    "packages": [
        {
            "name": "klausi/github_drupalorg",
            "version": "dev-master",
            "source": {
                "type": "git",
                "url": "https://github.com/webflo/github_drupalorg.git",
                "reference": "drush_ddoto"
            },
            "type": "library",
            "time": "2014-01-25 09:37:58"
        }
    ],
    "packages-dev": [

    ],
    "aliases": [

    ],
    "minimum-stability": "stable",
    "stability-flags": {
        "klausi/github_drupalorg": 20
    },
    "platform": [

    ],
    "platform-dev": [

    ]
}
